
Microsoft Visual Studio Solution File, Format Version 12.00
# Visual Studio Version 17
VisualStudioVersion = 17.10.35027.167
MinimumVisualStudioVersion = 10.0.40219.1
Project("{FAE04EC0-301F-11D3-BF4B-00C04F79EFBC}") = "Battleship", "Battleship.csproj", "{51FD2626-60E5-4389-A740-2C5B77A4F729}"
EndProject
Global
	GlobalSection(SolutionConfigurationPlatforms) = preSolution
		Debug|Any CPU = Debug|Any CPU
		Release|Any CPU = Release|Any CPU
	EndGlobalSection
	GlobalSection(ProjectConfigurationPlatforms) = postSolution
		{51FD2626-60E5-4389-A740-2C5B77A4F729}.Debug|Any CPU.ActiveCfg = Debug|Any CPU
		{51FD2626-60E5-4389-A740-2C5B77A4F729}.Debug|Any CPU.Build.0 = Debug|Any CPU
		{51FD2626-60E5-4389-A740-2C5B77A4F729}.Release|Any CPU.ActiveCfg = Release|Any CPU
		{51FD2626-60E5-4389-A740-2C5B77A4F729}.Release|Any CPU.Build.0 = Release|Any CPU
	EndGlobalSection
	GlobalSection(SolutionProperties) = preSolution
		HideSolutionNode = FALSE
	EndGlobalSection
	GlobalSection(ExtensibilityGlobals) = postSolution
		SolutionGuid = {3412D6C6-1797-41CF-B8ED-0D22DF2678EE}
	EndGlobalSection
EndGlobal
